<?xml version="1.0" encoding="utf-8"?>
<Project ToolsVersion="4.0" xmlns="http://schemas.microsoft.com/developer/msbuild/2003">
  <ItemGroup>
    <Filter Include="3rdparty">
      <UniqueIdentifier>{bc3a66b8-4d4b-4787-b3ec-636ce0cdaf77}</UniqueIdentifier>
    </Filter>
    <Filter Include="3rdparty\gnurocket">
      <UniqueIdentifier>{7f312c4a-b889-4e84-9998-89e15b556ef7}</UniqueIdentifier>
    </Filter>
    <Filter Include="3rdparty\imgui">
      <UniqueIdentifier>{cfcc7356-0d5d-43d8-9fa6-f0c6f293d168}</UniqueIdentifier>
    </Filter>
  </ItemGroup>
  <ItemGroup>
    <ClInclude Include="3rdparty\dr.h">
      <Filter>3rdparty</Filter>
    </ClInclude>
    <ClInclude Include="3rdparty\dr_fsw.h">
      <Filter>3rdparty</Filter>
    </ClInclude>
    <ClInclude Include="3rdparty\gb_math.h">
      <Filter>3rdparty</Filter>
    </ClInclude>
    <ClInclude Include="3rdparty\gl3w.h">
      <Filter>3rdparty</Filter>
    </ClInclude>
    <ClInclude Include="3rdparty\glcorearb.h">
      <Filter>3rdparty</Filter>
    </ClInclude>
    <ClInclude Include="3rdparty\rocket\base.h">
      <Filter>3rdparty\gnurocket</Filter>
    </ClInclude>
    <ClInclude Include="3rdparty\rocket\device.h">
      <Filter>3rdparty\gnurocket</Filter>
    </ClInclude>
    <ClInclude Include="3rdparty\rocket\sync.h">
      <Filter>3rdparty\gnurocket</Filter>
    </ClInclude>
    <ClInclude Include="3rdparty\rocket\track.h">
      <Filter>3rdparty\gnurocket</Filter>
    </ClInclude>
    <ClInclude Include="3rdparty\imgui\imgui.h">
      <Filter>3rdparty\imgui</Filter>
    </ClInclude>
    <ClInclude Include="3rdparty\imgui\imconfig.h">
      <Filter>3rdparty\imgui</Filter>
    </ClInclude>
    <ClInclude Include="3rdparty\imgui\imgui_internal.h">
      <Filter>3rdparty\imgui</Filter>
    </ClInclude>
    <ClInclude Include="3rdparty\imgui\imstb_rectpack.h">
      <Filter>3rdparty\imgui</Filter>
    </ClInclude>
    <ClInclude Include="3rdparty\imgui\imstb_textedit.h">
      <Filter>3rdparty\imgui</Filter>
    </ClInclude>
    <ClInclude Include="3rdparty\imgui\imstb_truetype.h">
      <Filter>3rdparty\imgui</Filter>
    </ClInclude>
    <ClInclude Include="3rdparty\imgui\imgui_impl_win32.h">
      <Filter>3rdparty\imgui</Filter>
    </ClInclude>
    <ClInclude Include="3rdparty\imgui\imgui_impl_opengl3.h">
      <Filter>3rdparty\imgui</Filter>
    </ClInclude>
  </ItemGroup>
  <ItemGroup>
    <ClCompile Include="3rdparty\rocket\device.c">
      <Filter>3rdparty\gnurocket</Filter>
    </ClCompile>
    <ClCompile Include="3rdparty\rocket\track.c">
      <Filter>3rdparty\gnurocket</Filter>
    </ClCompile>
    <ClCompile Include="3rdparty\imgui\imgui.cpp">
      <Filter>3rdparty\imgui</Filter>
    </ClCompile>
    <ClCompile Include="3rdparty\imgui\imgui_widgets.cpp">
      <Filter>3rdparty\imgui</Filter>
    </ClCompile>
    <ClCompile Include="3rdparty\imgui\imgui_draw.cpp">
      <Filter>3rdparty\imgui</Filter>
    </ClCompile>
    <ClCompile Include="3rdparty\imgui\imgui_impl_win32.cpp">
      <Filter>3rdparty\imgui</Filter>
    </ClCompile>
    <ClCompile Include="3rdparty\imgui\imgui_impl_opengl3.cpp">
      <Filter>3rdparty\imgui</Filter>
    </ClCompile>
    <ClCompile Include="main.cpp" />
    <ClCompile Include="3rdparty\imgui\imgui_demo.cpp">
      <Filter>3rdparty\imgui</Filter>
    </ClCompile>
    <ClCompile Include="shaderlathe_2.cpp" />
  </ItemGroup>
</Project>